// !$*UTF8*$!
{
	archiveVersion = 1;
	classes = {
	};
	objectVersion = 50;
	objects = {

/* Begin PBXBuildFile section */
		0DE9B7B5E166F1AE46D86CA7 /* Pods_MapRoute.framework in Frameworks */ = {isa = PBXBuildFile; fileRef = 5D9E05CBF683B487A28C9308 /* Pods_MapRoute.framework */; };
		C3336FE423F5C86D00A22E5C /* DatosViewController.swift in Sources */ = {isa = PBXBuildFile; fileRef = C3336FE323F5C86D00A22E5C /* DatosViewController.swift */; };
		C3336FE623F5D66700A22E5C /* MitablaTableViewController.swift in Sources */ = {isa = PBXBuildFile; fileRef = C3336FE523F5D66700A22E5C /* MitablaTableViewController.swift */; };
		C334DFE823FD9E75005356AB /* MiCelda TableViewCell.swift in Sources */ = {isa = PBXBuildFile; fileRef = C334DFE723FD9E75005356AB /* MiCelda TableViewCell.swift */; };
		C33CB20B23D24D0D0023F200 /* AppDelegate.swift in Sources */ = {isa = PBXBuildFile; fileRef = C33CB20A23D24D0D0023F200 /* AppDelegate.swift */; };
		C33CB20D23D24D0D0023F200 /* SceneDelegate.swift in Sources */ = {isa = PBXBuildFile; fileRef = C33CB20C23D24D0D0023F200 /* SceneDelegate.swift */; };
		C33CB20F23D24D0D0023F200 /* ViewController.swift in Sources */ = {isa = PBXBuildFile; fileRef = C33CB20E23D24D0D0023F200 /* ViewController.swift */; };
		C33CB21223D24D0D0023F200 /* Main.storyboard in Resources */ = {isa = PBXBuildFile; fileRef = C33CB21023D24D0D0023F200 /* Main.storyboard */; };
		C33CB21423D24D0E0023F200 /* Assets.xcassets in Resources */ = {isa = PBXBuildFile; fileRef = C33CB21323D24D0E0023F200 /* Assets.xcassets */; };
		C33CB21723D24D0E0023F200 /* LaunchScreen.storyboard in Resources */ = {isa = PBXBuildFile; fileRef = C33CB21523D24D0E0023F200 /* LaunchScreen.storyboard */; };
		C39D3F2423E4A6DC00631BE2 /* MapViewController.swift in Sources */ = {isa = PBXBuildFile; fileRef = C39D3F2323E4A6DC00631BE2 /* MapViewController.swift */; };
/* End PBXBuildFile section */

/* Begin PBXFileReference section */
		5D9E05CBF683B487A28C9308 /* Pods_MapRoute.framework */ = {isa = PBXFileReference; explicitFileType = wrapper.framework; includeInIndex = 0; path = Pods_MapRoute.framework; sourceTree = BUILT_PRODUCTS_DIR; };
		992CECCAC20D108D191E86CE /* Pods-MapRoute.release.xcconfig */ = {isa = PBXFileReference; includeInIndex = 1; lastKnownFileType = text.xcconfig; name = "Pods-MapRoute.release.xcconfig"; path = "Target Support Files/Pods-MapRoute/Pods-MapRoute.release.xcconfig"; sourceTree = "<group>"; };
		99ED95DDF9C49380450FB746 /* Pods-MapRoute.debug.xcconfig */ = {isa = PBXFileReference; includeInIndex = 1; lastKnownFileType = text.xcconfig; name = "Pods-MapRoute.debug.xcconfig"; path = "Target Support Files/Pods-MapRoute/Pods-MapRoute.debug.xcconfig"; sourceTree = "<group>"; };
		C3336FE323F5C86D00A22E5C /* DatosViewController.swift */ = {isa = PBXFileReference; lastKnownFileType = sourcecode.swift; path = DatosViewController.swift; sourceTree = "<group>"; };
		C3336FE523F5D66700A22E5C /* MitablaTableViewController.swift */ = {isa = PBXFileReference; lastKnownFileType = sourcecode.swift; path = MitablaTableViewController.swift; sourceTree = "<group>"; };
		C334DFE723FD9E75005356AB /* MiCelda TableViewCell.swift */ = {isa = PBXFileReference; lastKnownFileType = sourcecode.swift; path = "MiCelda TableViewCell.swift"; sourceTree = "<group>"; };
		C33CB20723D24D0D0023F200 /* MapRoute.app */ = {isa = PBXFileReference; explicitFileType = wrapper.application; includeInIndex = 0; path = MapRoute.app; sourceTree = BUILT_PRODUCTS_DIR; };
		C33CB20A23D24D0D0023F200 /* AppDelegate.swift */ = {isa = PBXFileReference; lastKnownFileType = sourcecode.swift; path = AppDelegate.swift; sourceTree = "<group>"; };
		C33CB20C23D24D0D0023F200 /* SceneDelegate.swift */ = {isa = PBXFileReference; lastKnownFileType = sourcecode.swift; path = SceneDelegate.swift; sourceTree = "<group>"; };
		C33CB20E23D24D0D0023F200 /* ViewController.swift */ = {isa = PBXFileReference; lastKnownFileType = sourcecode.swift; path = ViewController.swift; sourceTree = "<group>"; };
		C33CB21123D24D0D0023F200 /* Base */ = {isa = PBXFileReference; lastKnownFileType = file.storyboard; name = Base; path = Base.lproj/Main.storyboard; sourceTree = "<group>"; };
		C33CB21323D24D0E0023F200 /* Assets.xcassets */ = {isa = PBXFileReference; lastKnownFileType = folder.assetcatalog; path = Assets.xcassets; sourceTree = "<group>"; };
		C33CB21623D24D0E0023F200 /* Base */ = {isa = PBXFileReference; lastKnownFileType = file.storyboard; name = Base; path = Base.lproj/LaunchScreen.storyboard; sourceTree = "<group>"; };
		C33CB21823D24D0E0023F200 /* Info.plist */ = {isa = PBXFileReference; lastKnownFileType = text.plist.xml; path = Info.plist; sourceTree = "<group>"; };
		C39D3F2323E4A6DC00631BE2 /* MapViewController.swift */ = {isa = PBXFileReference; lastKnownFileType = sourcecode.swift; path = MapViewController.swift; sourceTree = "<group>"; };
/* End PBXFileReference section */

/* Begin PBXFrameworksBuildPhase section */
		C33CB20423D24D0D0023F200 /* Frameworks */ = {
			isa = PBXFrameworksBuildPhase;
			buildActionMask = 2147483647;
			files = (
				0DE9B7B5E166F1AE46D86CA7 /* Pods_MapRoute.framework in Frameworks */,
			);
			runOnlyForDeploymentPostprocessing = 0;
		};
/* End PBXFrameworksBuildPhase section */

/* Begin PBXGroup section */
		43B4A6245AFB687590BABFAD /* Pods */ = {
			isa = PBXGroup;
			children = (
				99ED95DDF9C49380450FB746 /* Pods-MapRoute.debug.xcconfig */,
				992CECCAC20D108D191E86CE /* Pods-MapRoute.release.xcconfig */,
			);
			path = Pods;
			sourceTree = "<group>";
		};
		575D8DBC89CBB4B5812F8D41 /* Frameworks */ = {
			isa = PBXGroup;
			children = (
				5D9E05CBF683B487A28C9308 /* Pods_MapRoute.framework */,
			);
			name = Frameworks;
			sourceTree = "<group>";
		};
		C33CB1FE23D24D0D0023F200 = {
			isa = PBXGroup;
			children = (
				C33CB20923D24D0D0023F200 /* MapRoute */,
				C33CB20823D24D0D0023F200 /* Products */,
				43B4A6245AFB687590BABFAD /* Pods */,
				575D8DBC89CBB4B5812F8D41 /* Frameworks */,
			);
			sourceTree = "<group>";
		};
		C33CB20823D24D0D0023F200 /* Products */ = {
			isa = PBXGroup;
			children = (
				C33CB20723D24D0D0023F200 /* MapRoute.app */,
			);
			name = Products;
			sourceTree = "<group>";
		};
		C33CB20923D24D0D0023F200 /* MapRoute */ = {
			isa = PBXGroup;
			children = (
				C33CB20A23D24D0D0023F200 /* AppDelegate.swift */,
				C33CB20C23D24D0D0023F200 /* SceneDelegate.swift */,
				C33CB20E23D24D0D0023F200 /* ViewController.swift */,
				C3336FE323F5C86D00A22E5C /* DatosViewController.swift */,
				C39D3F2323E4A6DC00631BE2 /* MapViewController.swift */,
				C33CB21023D24D0D0023F200 /* Main.storyboard */,
				C33CB21323D24D0E0023F200 /* Assets.xcassets */,
				C33CB21523D24D0E0023F200 /* LaunchScreen.storyboard */,
				C33CB21823D24D0E0023F200 /* Info.plist */,
				C3336FE523F5D66700A22E5C /* MitablaTableViewController.swift */,
				C334DFE723FD9E75005356AB /* MiCelda TableViewCell.swift */,
			);
			path = MapRoute;
			sourceTree = "<group>";
		};
/* End PBXGroup section */

/* Begin PBXNativeTarget section */
		C33CB20623D24D0D0023F200 /* MapRoute */ = {
			isa = PBXNativeTarget;
			buildConfigurationList = C33CB21B23D24D0E0023F200 /* Build configuration list for PBXNativeTarget "MapRoute" */;
			buildPhases = (
				FE6B09877798036ECEE8583E /* [CP] Check Pods Manifest.lock */,
				C33CB20323D24D0D0023F200 /* Sources */,
				C33CB20423D24D0D0023F200 /* Frameworks */,
				C33CB20523D24D0D0023F200 /* Resources */,
			);
			buildRules = (
			);
			dependencies = (
			);
			name = MapRoute;
			productName = MapRoute;
			productReference = C33CB20723D24D0D0023F200 /* MapRoute.app */;
			productType = "com.apple.product-type.application";
		};
/* End PBXNativeTarget section */

/* Begin PBXProject section */
		C33CB1FF23D24D0D0023F200 /* Project object */ = {
			isa = PBXProject;
			attributes = {
				LastSwiftUpdateCheck = 1130;
				LastUpgradeCheck = 1130;
				ORGANIZATIONNAME = "Gustavo Villa Diez";
				TargetAttributes = {
					C33CB20623D24D0D0023F200 = {
						CreatedOnToolsVersion = 11.3;
					};
				};
			};
			buildConfigurationList = C33CB20223D24D0D0023F200 /* Build configuration list for PBXProject "MapRoute" */;
			compatibilityVersion = "Xcode 9.3";
			developmentRegion = en;
			hasScannedForEncodings = 0;
			knownRegions = (
				en,
				Base,
			);
			mainGroup = C33CB1FE23D24D0D0023F200;
			productRefGroup = C33CB20823D24D0D0023F200 /* Products */;
			projectDirPath = "";
			projectRoot = "";
			targets = (
				C33CB20623D24D0D0023F200 /* MapRoute */,
			);
		};
/* End PBXProject section */

/* Begin PBXResourcesBuildPhase section */
		C33CB20523D24D0D0023F200 /* Resources */ = {
			isa = PBXResourcesBuildPhase;
			buildActionMask = 2147483647;
			files = (
				C33CB21723D24D0E0023F200 /* LaunchScreen.storyboard in Resources */,
				C33CB21423D24D0E0023F200 /* Assets.xcassets in Resources */,
				C33CB21223D24D0D0023F200 /* Main.storyboard in Resources */,
			);
			runOnlyForDeploymentPostprocessing = 0;
		};
/* End PBXResourcesBuildPhase section */

/* Begin PBXShellScriptBuildPhase section */
		FE6B09877798036ECEE8583E /* [CP] Check Pods Manifest.lock */ = {
			isa = PBXShellScriptBuildPhase;
			buildActionMask = 2147483647;
			files = (
			);
			inputFileListPaths = (
			);
			inputPaths = (
				"${PODS_PODFILE_DIR_PATH}/Podfile.lock",
				"${PODS_ROOT}/Manifest.lock",
			);
			name = "[CP] Check Pods Manifest.lock";
			outputFileListPaths = (
			);
			outputPaths = (
				"$(DERIVED_FILE_DIR)/Pods-MapRoute-checkManifestLockResult.txt",
			);
			runOnlyForDeploymentPostprocessing = 0;
			shellPath = /bin/sh;
			shellScript = "diff \"${PODS_PODFILE_DIR_PATH}/Podfile.lock\" \"${PODS_ROOT}/Manifest.lock\" > /dev/null\nif [ $? != 0 ] ; then\n    # print error to STDERR\n    echo \"error: The sandbox is not in sync with the Podfile.lock. Run 'pod install' or update your CocoaPods installation.\" >&2\n    exit 1\nfi\n# This output is used by Xcode 'outputs' to avoid re-running this script phase.\necho \"SUCCESS\" > \"${SCRIPT_OUTPUT_FILE_0}\"\n";
			showEnvVarsInLog = 0;
		};
/* End PBXShellScriptBuildPhase section */

/* Begin PBXSourcesBuildPhase section */
		C33CB20323D24D0D0023F200 /* Sources */ = {
			isa = PBXSourcesBuildPhase;
			buildActionMask = 2147483647;
			files = (
				C33CB20F23D24D0D0023F200 /* ViewController.swift in Sources */,
				C33CB20B23D24D0D0023F200 /* AppDelegate.swift in Sources */,
				C33CB20D23D24D0D0023F200 /* SceneDelegate.swift in Sources */,
				C3336FE423F5C86D00A22E5C /* DatosViewController.swift in Sources */,
				C3336FE623F5D66700A22E5C /* MitablaTableViewController.swift in Sources */,
				C334DFE823FD9E75005356AB /* MiCelda TableViewCell.swift in Sources */,
				C39D3F2423E4A6DC00631BE2 /* MapViewController.swift in Sources */,
			);
			runOnlyForDeploymentPostprocessing = 0;
		};
/* End PBXSourcesBuildPhase section */

/* Begin PBXVariantGroup section */
		C33CB21023D24D0D0023F200 /* Main.storyboard */ = {
			isa = PBXVariantGroup;
			children = (
				C33CB21123D24D0D0023F200 /* Base */,
			);
			name = Main.storyboard;
			sourceTree = "<group>";
		};
		C33CB21523D24D0E0023F200 /* LaunchScreen.storyboard */ = {
			isa = PBXVariantGroup;
			children = (
				C33CB21623D24D0E0023F200 /* Base */,
			);
			name = LaunchScreen.storyboard;
			sourceTree = "<group>";
		};
/* End PBXVariantGroup section */

/* Begin XCBuildConfiguration section */
		C33CB21923D24D0E0023F200 /* Debug */ = {
			isa = XCBuildConfiguration;
			buildSettings = {
				ALWAYS_SEARCH_USER_PATHS = NO;
				CLANG_ANALYZER_NONNULL = YES;
				CLANG_ANALYZER_NUMBER_OBJECT_CONVERSION = YES_AGGRESSIVE;
				CLANG_CXX_LANGUAGE_STANDARD = "gnu++14";
				CLANG_CXX_LIBRARY = "libc++";
				CLANG_ENABLE_MODULES = YES;
				CLANG_ENABLE_OBJC_ARC = YES;
				CLANG_ENABLE_OBJC_WEAK = YES;
				CLANG_WARN_BLOCK_CAPTURE_AUTORELEASING = YES;
				CLANG_WARN_BOOL_CONVERSION = YES;
				CLANG_WARN_COMMA = YES;
				CLANG_WARN_CONSTANT_CONVERSION = YES;
				CLANG_WARN_DEPRECATED_OBJC_IMPLEMENTATIONS = YES;
				CLANG_WARN_DIRECT_OBJC_ISA_USAGE = YES_ERROR;
				CLANG_WARN_DOCUMENTATION_COMMENTS = YES;
				CLANG_WARN_EMPTY_BODY = YES;
				CLANG_WARN_ENUM_CONVERSION = YES;
				CLANG_WARN_INFINITE_RECURSION = YES;
				CLANG_WARN_INT_CONVERSION = YES;
				CLANG_WARN_NON_LITERAL_NULL_CONVERSION = YES;
				CLANG_WARN_OBJC_IMPLICIT_RETAIN_SELF = YES;
				CLANG_WARN_OBJC_LITERAL_CONVERSION = YES;
				CLANG_WARN_OBJC_ROOT_CLASS = YES_ERROR;
				CLANG_WARN_RANGE_LOOP_ANALYSIS = YES;
				CLANG_WARN_STRICT_PROTOTYPES = YES;
				CLANG_WARN_SUSPICIOUS_MOVE = YES;
				CLANG_WARN_UNGUARDED_AVAILABILITY = YES_AGGRESSIVE;
				CLANG_WARN_UNREACHABLE_CODE = YES;
				CLANG_WARN__DUPLICATE_METHOD_MATCH = YES;
				COPY_PHASE_STRIP = NO;
				DEBUG_INFORMATION_FORMAT = dwarf;
				ENABLE_STRICT_OBJC_MSGSEND = YES;
				ENABLE_TESTABILITY = YES;
				GCC_C_LANGUAGE_STANDARD = gnu11;
				GCC_DYNAMIC_NO_PIC = NO;
				GCC_NO_COMMON_BLOCKS = YES;
				GCC_OPTIMIZATION_LEVEL = 0;
				GCC_PREPROCESSOR_DEFINITIONS = (
					"DEBUG=1",
					"$(inherited)",
				);
				GCC_WARN_64_TO_32_BIT_CONVERSION = YES;
				GCC_WARN_ABOUT_RETURN_TYPE = YES_ERROR;
				GCC_WARN_UNDECLARED_SELECTOR = YES;
				GCC_WARN_UNINITIALIZED_AUTOS = YES_AGGRESSIVE;
				GCC_WARN_UNUSED_FUNCTION = YES;
				GCC_WARN_UNUSED_VARIABLE = YES;
				IPHONEOS_DEPLOYMENT_TARGET = 13.2;
				MTL_ENABLE_DEBUG_INFO = INCLUDE_SOURCE;
				MTL_FAST_MATH = YES;
				ONLY_ACTIVE_ARCH = YES;
				SDKROOT = iphoneos;
				SWIFT_ACTIVE_COMPILATION_CONDITIONS = DEBUG;
				SWIFT_OPTIMIZATION_LEVEL = "-Onone";
			};
			name = Debug;
		};
		C33CB21A23D24D0E0023F200 /* Release */ = {
			isa = XCBuildConfiguration;
			buildSettings = {
				ALWAYS_SEARCH_USER_PATHS = NO;
				CLANG_ANALYZER_NONNULL = YES;
				CLANG_ANALYZER_NUMBER_OBJECT_CONVERSION = YES_AGGRESSIVE;
				CLANG_CXX_LANGUAGE_STANDARD = "gnu++14";
				CLANG_CXX_LIBRARY = "libc++";
				CLANG_ENABLE_MODULES = YES;
				CLANG_ENABLE_OBJC_ARC = YES;
				CLANG_ENABLE_OBJC_WEAK = YES;
				CLANG_WARN_BLOCK_CAPTURE_AUTORELEASING = YES;
				CLANG_WARN_BOOL_CONVERSION = YES;
				CLANG_WARN_COMMA = YES;
				CLANG_WARN_CONSTANT_CONVERSION = YES;
				CLANG_WARN_DEPRECATED_OBJC_IMPLEMENTATIONS = YES;
				CLANG_WARN_DIRECT_OBJC_ISA_USAGE = YES_ERROR;
				CLANG_WARN_DOCUMENTATION_COMMENTS = YES;
				CLANG_WARN_EMPTY_BODY = YES;
				CLANG_WARN_ENUM_CONVERSION = YES;
				CLANG_WARN_INFINITE_RECURSION = YES;
				CLANG_WARN_INT_CONVERSION = YES;
				CLANG_WARN_NON_LITERAL_NULL_CONVERSION = YES;
				CLANG_WARN_OBJC_IMPLICIT_RETAIN_SELF = YES;
				CLANG_WARN_OBJC_LITERAL_CONVERSION = YES;
				CLANG_WARN_OBJC_ROOT_CLASS = YES_ERROR;
				CLANG_WARN_RANGE_LOOP_ANALYSIS = YES;
				CLANG_WARN_STRICT_PROTOTYPES = YES;
				CLANG_WARN_SUSPICIOUS_MOVE = YES;
				CLANG_WARN_UNGUARDED_AVAILABILITY = YES_AGGRESSIVE;
				CLANG_WARN_UNREACHABLE_CODE = YES;
				CLANG_WARN__DUPLICATE_METHOD_MATCH = YES;
				COPY_PHASE_STRIP = NO;
				DEBUG_INFORMATION_FORMAT = "dwarf-with-dsym";
				ENABLE_NS_ASSERTIONS = NO;
				ENABLE_STRICT_OBJC_MSGSEND = YES;
				GCC_C_LANGUAGE_STANDARD = gnu11;
				GCC_NO_COMMON_BLOCKS = YES;
				GCC_WARN_64_TO_32_BIT_CONVERSION = YES;
				GCC_WARN_ABOUT_RETURN_TYPE = YES_ERROR;
				GCC_WARN_UNDECLARED_SELECTOR = YES;
				GCC_WARN_UNINITIALIZED_AUTOS = YES_AGGRESSIVE;
				GCC_WARN_UNUSED_FUNCTION = YES;
				GCC_WARN_UNUSED_VARIABLE = YES;
				IPHONEOS_DEPLOYMENT_TARGET = 13.2;
				MTL_ENABLE_DEBUG_INFO = NO;
				MTL_FAST_MATH = YES;
				SDKROOT = iphoneos;
				SWIFT_COMPILATION_MODE = wholemodule;
				SWIFT_OPTIMIZATION_LEVEL = "-O";
				VALIDATE_PRODUCT = YES;
			};
			name = Release;
		};
		C33CB21C23D24D0E0023F200 /* Debug */ = {
			isa = XCBuildConfiguration;
			baseConfigurationReference = 99ED95DDF9C49380450FB746 /* Pods-MapRoute.debug.xcconfig */;
			buildSettings = {
				ASSETCATALOG_COMPILER_APPICON_NAME = AppIcon;
				CODE_SIGN_STYLE = Automatic;
				INFOPLIST_FILE = MapRoute/Info.plist;
				LD_RUNPATH_SEARCH_PATHS = (
					"$(inherited)",
					"@executable_path/Frameworks",
				);
				PRODUCT_BUNDLE_IDENTIFIER = com.suggus.MapRoute;
				PRODUCT_NAME = "$(TARGET_NAME)";
				SWIFT_VERSION = 5.0;
				TARGETED_DEVICE_FAMILY = "1,2";
			};
			name = Debug;
		};
		C33CB21D23D24D0E0023F200 /* Release */ = {
			isa = XCBuildConfiguration;
			baseConfigurationReference = 992CECCAC20D108D191E86CE /* Pods-MapRoute.release.xcconfig */;
			buildSettings = {
				ASSETCATALOG_COMPILER_APPICON_NAME = AppIcon;
				CODE_SIGN_STYLE = Automatic;
				INFOPLIST_FILE = MapRoute/Info.plist;
				LD_RUNPATH_SEARCH_PATHS = (
					"$(inherited)",
					"@executable_path/Frameworks",
				);
				PRODUCT_BUNDLE_IDENTIFIER = com.suggus.MapRoute;
				PRODUCT_NAME = "$(TARGET_NAME)";
				SWIFT_VERSION = 5.0;
				TARGETED_DEVICE_FAMILY = "1,2";
			};
			name = Release;
		};
/* End XCBuildConfiguration section */

/* Begin XCConfigurationList section */
		C33CB20223D24D0D0023F200 /* Build configuration list for PBXProject "MapRoute" */ = {
			isa = XCConfigurationList;
			buildConfigurations = (
				C33CB21923D24D0E0023F200 /* Debug */,
				C33CB21A23D24D0E0023F200 /* Release */,
			);
			defaultConfigurationIsVisible = 0;
			defaultConfigurationName = Release;
		};
		C33CB21B23D24D0E0023F200 /* Build configuration list for PBXNativeTarget "MapRoute" */ = {
			isa = XCConfigurationList;
			buildConfigurations = (
				C33CB21C23D24D0E0023F200 /* Debug */,
				C33CB21D23D24D0E0023F200 /* Release */,
			);
			defaultConfigurationIsVisible = 0;
			defaultConfigurationName = Release;
		};
/* End XCConfigurationList section */
	};
	rootObject = C33CB1FF23D24D0D0023F200 /* Project object */;
}
